// !$*UTF8*$!
{
	archiveVersion = 1;
	classes = {
	};
	objectVersion = 56;
	objects = {

/* Begin PBXBuildFile section */
		7A63DBDE2C307CE1004F4539 /* IosMovieAppDemoApp.swift in Sources */ = {isa = PBXBuildFile; fileRef = 7A63DBDD2C307CE1004F4539 /* IosMovieAppDemoApp.swift */; };
		7A63DBE02C307CE1004F4539 /* ContentView.swift in Sources */ = {isa = PBXBuildFile; fileRef = 7A63DBDF2C307CE1004F4539 /* ContentView.swift */; };
		7A63DBE22C307CE3004F4539 /* Assets.xcassets in Resources */ = {isa = PBXBuildFile; fileRef = 7A63DBE12C307CE3004F4539 /* Assets.xcassets */; };
		7A63DBE52C307CE3004F4539 /* Preview Assets.xcassets in Resources */ = {isa = PBXBuildFile; fileRef = 7A63DBE42C307CE3004F4539 /* Preview Assets.xcassets */; };
		7A63DBEF2C307CE4004F4539 /* IosMovieAppDemoTests.swift in Sources */ = {isa = PBXBuildFile; fileRef = 7A63DBEE2C307CE4004F4539 /* IosMovieAppDemoTests.swift */; };
		7A63DBF92C307CE4004F4539 /* IosMovieAppDemoUITests.swift in Sources */ = {isa = PBXBuildFile; fileRef = 7A63DBF82C307CE4004F4539 /* IosMovieAppDemoUITests.swift */; };
		7A63DBFB2C307CE4004F4539 /* IosMovieAppDemoUITestsLaunchTests.swift in Sources */ = {isa = PBXBuildFile; fileRef = 7A63DBFA2C307CE4004F4539 /* IosMovieAppDemoUITestsLaunchTests.swift */; };
/* End PBXBuildFile section */

/* Begin PBXContainerItemProxy section */
		7A63DBEB2C307CE4004F4539 /* PBXContainerItemProxy */ = {
			isa = PBXContainerItemProxy;
			containerPortal = 7A63DBD22C307CE1004F4539 /* Project object */;
			proxyType = 1;
			remoteGlobalIDString = 7A63DBD92C307CE1004F4539;
			remoteInfo = IosMovieAppDemo;
		};
		7A63DBF52C307CE4004F4539 /* PBXContainerItemProxy */ = {
			isa = PBXContainerItemProxy;
			containerPortal = 7A63DBD22C307CE1004F4539 /* Project object */;
			proxyType = 1;
			remoteGlobalIDString = 7A63DBD92C307CE1004F4539;
			remoteInfo = IosMovieAppDemo;
		};
/* End PBXContainerItemProxy section */

/* Begin PBXFileReference section */
		7A63DBDA2C307CE1004F4539 /* IosMovieAppDemo.app */ = {isa = PBXFileReference; explicitFileType = wrapper.application; includeInIndex = 0; path = IosMovieAppDemo.app; sourceTree = BUILT_PRODUCTS_DIR; };
		7A63DBDD2C307CE1004F4539 /* IosMovieAppDemoApp.swift */ = {isa = PBXFileReference; lastKnownFileType = sourcecode.swift; path = IosMovieAppDemoApp.swift; sourceTree = "<group>"; };
		7A63DBDF2C307CE1004F4539 /* ContentView.swift */ = {isa = PBXFileReference; lastKnownFileType = sourcecode.swift; path = ContentView.swift; sourceTree = "<group>"; };
		7A63DBE12C307CE3004F4539 /* Assets.xcassets */ = {isa = PBXFileReference; lastKnownFileType = folder.assetcatalog; path = Assets.xcassets; sourceTree = "<group>"; };
		7A63DBE42C307CE3004F4539 /* Preview Assets.xcassets */ = {isa = PBXFileReference; lastKnownFileType = folder.assetcatalog; path = "Preview Assets.xcassets"; sourceTree = "<group>"; };
		7A63DBEA2C307CE4004F4539 /* IosMovieAppDemoTests.xctest */ = {isa = PBXFileReference; explicitFileType = wrapper.cfbundle; includeInIndex = 0; path = IosMovieAppDemoTests.xctest; sourceTree = BUILT_PRODUCTS_DIR; };
		7A63DBEE2C307CE4004F4539 /* IosMovieAppDemoTests.swift */ = {isa = PBXFileReference; lastKnownFileType = sourcecode.swift; path = IosMovieAppDemoTests.swift; sourceTree = "<group>"; };
		7A63DBF42C307CE4004F4539 /* IosMovieAppDemoUITests.xctest */ = {isa = PBXFileReference; explicitFileType = wrapper.cfbundle; includeInIndex = 0; path = IosMovieAppDemoUITests.xctest; sourceTree = BUILT_PRODUCTS_DIR; };
		7A63DBF82C307CE4004F4539 /* IosMovieAppDemoUITests.swift */ = {isa = PBXFileReference; lastKnownFileType = sourcecode.swift; path = IosMovieAppDemoUITests.swift; sourceTree = "<group>"; };
		7A63DBFA2C307CE4004F4539 /* IosMovieAppDemoUITestsLaunchTests.swift */ = {isa = PBXFileReference; lastKnownFileType = sourcecode.swift; path = IosMovieAppDemoUITestsLaunchTests.swift; sourceTree = "<group>"; };
/* End PBXFileReference section */

/* Begin PBXFrameworksBuildPhase section */
		7A63DBD72C307CE1004F4539 /* Frameworks */ = {
			isa = PBXFrameworksBuildPhase;
			buildActionMask = 2147483647;
			files = (
			);
			runOnlyForDeploymentPostprocessing = 0;
		};
		7A63DBE72C307CE4004F4539 /* Frameworks */ = {
			isa = PBXFrameworksBuildPhase;
			buildActionMask = 2147483647;
			files = (
			);
			runOnlyForDeploymentPostprocessing = 0;
		};
		7A63DBF12C307CE4004F4539 /* Frameworks */ = {
			isa = PBXFrameworksBuildPhase;
			buildActionMask = 2147483647;
			files = (
			);
			runOnlyForDeploymentPostprocessing = 0;
		};
/* End PBXFrameworksBuildPhase section */

/* Begin PBXGroup section */
		7A63DBD12C307CE1004F4539 = {
			isa = PBXGroup;
			children = (
				7A63DBDC2C307CE1004F4539 /* IosMovieAppDemo */,
				7A63DBED2C307CE4004F4539 /* IosMovieAppDemoTests */,
				7A63DBF72C307CE4004F4539 /* IosMovieAppDemoUITests */,
				7A63DBDB2C307CE1004F4539 /* Products */,
			);
			sourceTree = "<group>";
		};
		7A63DBDB2C307CE1004F4539 /* Products */ = {
			isa = PBXGroup;
			children = (
				7A63DBDA2C307CE1004F4539 /* IosMovieAppDemo.app */,
				7A63DBEA2C307CE4004F4539 /* IosMovieAppDemoTests.xctest */,
				7A63DBF42C307CE4004F4539 /* IosMovieAppDemoUITests.xctest */,
			);
			name = Products;
			sourceTree = "<group>";
		};
		7A63DBDC2C307CE1004F4539 /* IosMovieAppDemo */ = {
			isa = PBXGroup;
			children = (
				7A63DBDD2C307CE1004F4539 /* IosMovieAppDemoApp.swift */,
				7A63DBDF2C307CE1004F4539 /* ContentView.swift */,
				7A63DBE12C307CE3004F4539 /* Assets.xcassets */,
				7A63DBE32C307CE3004F4539 /* Preview Content */,
			);
			path = IosMovieAppDemo;
			sourceTree = "<group>";
		};
		7A63DBE32C307CE3004F4539 /* Preview Content */ = {
			isa = PBXGroup;
			children = (
				7A63DBE42C307CE3004F4539 /* Preview Assets.xcassets */,
			);
			path = "Preview Content";
			sourceTree = "<group>";
		};
		7A63DBED2C307CE4004F4539 /* IosMovieAppDemoTests */ = {
			isa = PBXGroup;
			children = (
				7A63DBEE2C307CE4004F4539 /* IosMovieAppDemoTests.swift */,
			);
			path = IosMovieAppDemoTests;
			sourceTree = "<group>";
		};
		7A63DBF72C307CE4004F4539 /* IosMovieAppDemoUITests */ = {
			isa = PBXGroup;
			children = (
				7A63DBF82C307CE4004F4539 /* IosMovieAppDemoUITests.swift */,
				7A63DBFA2C307CE4004F4539 /* IosMovieAppDemoUITestsLaunchTests.swift */,
			);
			path = IosMovieAppDemoUITests;
			sourceTree = "<group>";
		};
/* End PBXGroup section */

/* Begin PBXNativeTarget section */
		7A63DBD92C307CE1004F4539 /* IosMovieAppDemo */ = {
			isa = PBXNativeTarget;
			buildConfigurationList = 7A63DBFE2C307CE4004F4539 /* Build configuration list for PBXNativeTarget "IosMovieAppDemo" */;
			buildPhases = (
				7A63DBD62C307CE1004F4539 /* Sources */,
				7A63DBD72C307CE1004F4539 /* Frameworks */,
				7A63DBD82C307CE1004F4539 /* Resources */,
			);
			buildRules = (
			);
			dependencies = (
			);
			name = IosMovieAppDemo;
			productName = IosMovieAppDemo;
			productReference = 7A63DBDA2C307CE1004F4539 /* IosMovieAppDemo.app */;
			productType = "com.apple.product-type.application";
		};
		7A63DBE92C307CE4004F4539 /* IosMovieAppDemoTests */ = {
			isa = PBXNativeTarget;
			buildConfigurationList = 7A63DC012C307CE4004F4539 /* Build configuration list for PBXNativeTarget "IosMovieAppDemoTests" */;
			buildPhases = (
				7A63DBE62C307CE4004F4539 /* Sources */,
				7A63DBE72C307CE4004F4539 /* Frameworks */,
				7A63DBE82C307CE4004F4539 /* Resources */,
			);
			buildRules = (
			);
			dependencies = (
				7A63DBEC2C307CE4004F4539 /* PBXTargetDependency */,
			);
			name = IosMovieAppDemoTests;
			productName = IosMovieAppDemoTests;
			productReference = 7A63DBEA2C307CE4004F4539 /* IosMovieAppDemoTests.xctest */;
			productType = "com.apple.product-type.bundle.unit-test";
		};
		7A63DBF32C307CE4004F4539 /* IosMovieAppDemoUITests */ = {
			isa = PBXNativeTarget;
			buildConfigurationList = 7A63DC042C307CE4004F4539 /* Build configuration list for PBXNativeTarget "IosMovieAppDemoUITests" */;
			buildPhases = (
				7A63DBF02C307CE4004F4539 /* Sources */,
				7A63DBF12C307CE4004F4539 /* Frameworks */,
				7A63DBF22C307CE4004F4539 /* Resources */,
			);
			buildRules = (
			);
			dependencies = (
				7A63DBF62C307CE4004F4539 /* PBXTargetDependency */,
			);
			name = IosMovieAppDemoUITests;
			productName = IosMovieAppDemoUITests;
			productReference = 7A63DBF42C307CE4004F4539 /* IosMovieAppDemoUITests.xctest */;
			productType = "com.apple.product-type.bundle.ui-testing";
		};
/* End PBXNativeTarget section */

/* Begin PBXProject section */
		7A63DBD22C307CE1004F4539 /* Project object */ = {
			isa = PBXProject;
			attributes = {
				BuildIndependentTargetsInParallel = 1;
				LastSwiftUpdateCheck = 1540;
				LastUpgradeCheck = 1540;
				TargetAttributes = {
					7A63DBD92C307CE1004F4539 = {
						CreatedOnToolsVersion = 15.4;
					};
					7A63DBE92C307CE4004F4539 = {
						CreatedOnToolsVersion = 15.4;
						TestTargetID = 7A63DBD92C307CE1004F4539;
					};
					7A63DBF32C307CE4004F4539 = {
						CreatedOnToolsVersion = 15.4;
						TestTargetID = 7A63DBD92C307CE1004F4539;
					};
				};
			};
			buildConfigurationList = 7A63DBD52C307CE1004F4539 /* Build configuration list for PBXProject "IosMovieAppDemo" */;
			compatibilityVersion = "Xcode 14.0";
			developmentRegion = en;
			hasScannedForEncodings = 0;
			knownRegions = (
				en,
				Base,
			);
			mainGroup = 7A63DBD12C307CE1004F4539;
			productRefGroup = 7A63DBDB2C307CE1004F4539 /* Products */;
			projectDirPath = "";
			projectRoot = "";
			targets = (
				7A63DBD92C307CE1004F4539 /* IosMovieAppDemo */,
				7A63DBE92C307CE4004F4539 /* IosMovieAppDemoTests */,
				7A63DBF32C307CE4004F4539 /* IosMovieAppDemoUITests */,
			);
		};
/* End PBXProject section */

/* Begin PBXResourcesBuildPhase section */
		7A63DBD82C307CE1004F4539 /* Resources */ = {
			isa = PBXResourcesBuildPhase;
			buildActionMask = 2147483647;
			files = (
				7A63DBE52C307CE3004F4539 /* Preview Assets.xcassets in Resources */,
				7A63DBE22C307CE3004F4539 /* Assets.xcassets in Resources */,
			);
			runOnlyForDeploymentPostprocessing = 0;
		};
		7A63DBE82C307CE4004F4539 /* Resources */ = {
			isa = PBXResourcesBuildPhase;
			buildActionMask = 2147483647;
			files = (
			);
			runOnlyForDeploymentPostprocessing = 0;
		};
		7A63DBF22C307CE4004F4539 /* Resources */ = {
			isa = PBXResourcesBuildPhase;
			buildActionMask = 2147483647;
			files = (
			);
			runOnlyForDeploymentPostprocessing = 0;
		};
/* End PBXResourcesBuildPhase section */

/* Begin PBXSourcesBuildPhase section */
		7A63DBD62C307CE1004F4539 /* Sources */ = {
			isa = PBXSourcesBuildPhase;
			buildActionMask = 2147483647;
			files = (
				7A63DBE02C307CE1004F4539 /* ContentView.swift in Sources */,
				7A63DBDE2C307CE1004F4539 /* IosMovieAppDemoApp.swift in Sources */,
			);
			runOnlyForDeploymentPostprocessing = 0;
		};
		7A63DBE62C307CE4004F4539 /* Sources */ = {
			isa = PBXSourcesBuildPhase;
			buildActionMask = 2147483647;
			files = (
				7A63DBEF2C307CE4004F4539 /* IosMovieAppDemoTests.swift in Sources */,
			);
			runOnlyForDeploymentPostprocessing = 0;
		};
		7A63DBF02C307CE4004F4539 /* Sources */ = {
			isa = PBXSourcesBuildPhase;
			buildActionMask = 2147483647;
			files = (
				7A63DBFB2C307CE4004F4539 /* IosMovieAppDemoUITestsLaunchTests.swift in Sources */,
				7A63DBF92C307CE4004F4539 /* IosMovieAppDemoUITests.swift in Sources */,
			);
			runOnlyForDeploymentPostprocessing = 0;
		};
/* End PBXSourcesBuildPhase section */

/* Begin PBXTargetDependency section */
		7A63DBEC2C307CE4004F4539 /* PBXTargetDependency */ = {
			isa = PBXTargetDependency;
			target = 7A63DBD92C307CE1004F4539 /* IosMovieAppDemo */;
			targetProxy = 7A63DBEB2C307CE4004F4539 /* PBXContainerItemProxy */;
		};
		7A63DBF62C307CE4004F4539 /* PBXTargetDependency */ = {
			isa = PBXTargetDependency;
			target = 7A63DBD92C307CE1004F4539 /* IosMovieAppDemo */;
			targetProxy = 7A63DBF52C307CE4004F4539 /* PBXContainerItemProxy */;
		};
/* End PBXTargetDependency section */

/* Begin XCBuildConfiguration section */
		7A63DBFC2C307CE4004F4539 /* Debug */ = {
			isa = XCBuildConfiguration;
			buildSettings = {
				ALWAYS_SEARCH_USER_PATHS = NO;
				ASSETCATALOG_COMPILER_GENERATE_SWIFT_ASSET_SYMBOL_EXTENSIONS = YES;
				CLANG_ANALYZER_NONNULL = YES;
				CLANG_ANALYZER_NUMBER_OBJECT_CONVERSION = YES_AGGRESSIVE;
				CLANG_CXX_LANGUAGE_STANDARD = "gnu++20";
				CLANG_ENABLE_MODULES = YES;
				CLANG_ENABLE_OBJC_ARC = YES;
				CLANG_ENABLE_OBJC_WEAK = YES;
				CLANG_WARN_BLOCK_CAPTURE_AUTORELEASING = YES;
				CLANG_WARN_BOOL_CONVERSION = YES;
				CLANG_WARN_COMMA = YES;
				CLANG_WARN_CONSTANT_CONVERSION = YES;
				CLANG_WARN_DEPRECATED_OBJC_IMPLEMENTATIONS = YES;
				CLANG_WARN_DIRECT_OBJC_ISA_USAGE = YES_ERROR;
				CLANG_WARN_DOCUMENTATION_COMMENTS = YES;
				CLANG_WARN_EMPTY_BODY = YES;
				CLANG_WARN_ENUM_CONVERSION = YES;
				CLANG_WARN_INFINITE_RECURSION = YES;
				CLANG_WARN_INT_CONVERSION = YES;
				CLANG_WARN_NON_LITERAL_NULL_CONVERSION = YES;
				CLANG_WARN_OBJC_IMPLICIT_RETAIN_SELF = YES;
				CLANG_WARN_OBJC_LITERAL_CONVERSION = YES;
				CLANG_WARN_OBJC_ROOT_CLASS = YES_ERROR;
				CLANG_WARN_QUOTED_INCLUDE_IN_FRAMEWORK_HEADER = YES;
				CLANG_WARN_RANGE_LOOP_ANALYSIS = YES;
				CLANG_WARN_STRICT_PROTOTYPES = YES;
				CLANG_WARN_SUSPICIOUS_MOVE = YES;
				CLANG_WARN_UNGUARDED_AVAILABILITY = YES_AGGRESSIVE;
				CLANG_WARN_UNREACHABLE_CODE = YES;
				CLANG_WARN__DUPLICATE_METHOD_MATCH = YES;
				COPY_PHASE_STRIP = NO;
				DEBUG_INFORMATION_FORMAT = dwarf;
				ENABLE_STRICT_OBJC_MSGSEND = YES;
				ENABLE_TESTABILITY = YES;
				ENABLE_USER_SCRIPT_SANDBOXING = YES;
				GCC_C_LANGUAGE_STANDARD = gnu17;
				GCC_DYNAMIC_NO_PIC = NO;
				GCC_NO_COMMON_BLOCKS = YES;
				GCC_OPTIMIZATION_LEVEL = 0;
				GCC_PREPROCESSOR_DEFINITIONS = (
					"DEBUG=1",
					"$(inherited)",
				);
				GCC_WARN_64_TO_32_BIT_CONVERSION = YES;
				GCC_WARN_ABOUT_RETURN_TYPE = YES_ERROR;
				GCC_WARN_UNDECLARED_SELECTOR = YES;
				GCC_WARN_UNINITIALIZED_AUTOS = YES_AGGRESSIVE;
				GCC_WARN_UNUSED_FUNCTION = YES;
				GCC_WARN_UNUSED_VARIABLE = YES;
				IPHONEOS_DEPLOYMENT_TARGET = 17.5;
				LOCALIZATION_PREFERS_STRING_CATALOGS = YES;
				MTL_ENABLE_DEBUG_INFO = INCLUDE_SOURCE;
				MTL_FAST_MATH = YES;
				ONLY_ACTIVE_ARCH = YES;
				SDKROOT = iphoneos;
				SWIFT_ACTIVE_COMPILATION_CONDITIONS = "DEBUG $(inherited)";
				SWIFT_OPTIMIZATION_LEVEL = "-Onone";
			};
			name = Debug;
		};
		7A63DBFD2C307CE4004F4539 /* Release */ = {
			isa = XCBuildConfiguration;
			buildSettings = {
				ALWAYS_SEARCH_USER_PATHS = NO;
				ASSETCATALOG_COMPILER_GENERATE_SWIFT_ASSET_SYMBOL_EXTENSIONS = YES;
				CLANG_ANALYZER_NONNULL = YES;
				CLANG_ANALYZER_NUMBER_OBJECT_CONVERSION = YES_AGGRESSIVE;
				CLANG_CXX_LANGUAGE_STANDARD = "gnu++20";
				CLANG_ENABLE_MODULES = YES;
				CLANG_ENABLE_OBJC_ARC = YES;
				CLANG_ENABLE_OBJC_WEAK = YES;
				CLANG_WARN_BLOCK_CAPTURE_AUTORELEASING = YES;
				CLANG_WARN_BOOL_CONVERSION = YES;
				CLANG_WARN_COMMA = YES;
				CLANG_WARN_CONSTANT_CONVERSION = YES;
				CLANG_WARN_DEPRECATED_OBJC_IMPLEMENTATIONS = YES;
				CLANG_WARN_DIRECT_OBJC_ISA_USAGE = YES_ERROR;
				CLANG_WARN_DOCUMENTATION_COMMENTS = YES;
				CLANG_WARN_EMPTY_BODY = YES;
				CLANG_WARN_ENUM_CONVERSION = YES;
				CLANG_WARN_INFINITE_RECURSION = YES;
				CLANG_WARN_INT_CONVERSION = YES;
				CLANG_WARN_NON_LITERAL_NULL_CONVERSION = YES;
				CLANG_WARN_OBJC_IMPLICIT_RETAIN_SELF = YES;
				CLANG_WARN_OBJC_LITERAL_CONVERSION = YES;
				CLANG_WARN_OBJC_ROOT_CLASS = YES_ERROR;
				CLANG_WARN_QUOTED_INCLUDE_IN_FRAMEWORK_HEADER = YES;
				CLANG_WARN_RANGE_LOOP_ANALYSIS = YES;
				CLANG_WARN_STRICT_PROTOTYPES = YES;
				CLANG_WARN_SUSPICIOUS_MOVE = YES;
				CLANG_WARN_UNGUARDED_AVAILABILITY = YES_AGGRESSIVE;
				CLANG_WARN_UNREACHABLE_CODE = YES;
				CLANG_WARN__DUPLICATE_METHOD_MATCH = YES;
				COPY_PHASE_STRIP = NO;
				DEBUG_INFORMATION_FORMAT = "dwarf-with-dsym";
				ENABLE_NS_ASSERTIONS = NO;
				ENABLE_STRICT_OBJC_MSGSEND = YES;
				ENABLE_USER_SCRIPT_SANDBOXING = YES;
				GCC_C_LANGUAGE_STANDARD = gnu17;
				GCC_NO_COMMON_BLOCKS = YES;
				GCC_WARN_64_TO_32_BIT_CONVERSION = YES;
				GCC_WARN_ABOUT_RETURN_TYPE = YES_ERROR;
				GCC_WARN_UNDECLARED_SELECTOR = YES;
				GCC_WARN_UNINITIALIZED_AUTOS = YES_AGGRESSIVE;
				GCC_WARN_UNUSED_FUNCTION = YES;
				GCC_WARN_UNUSED_VARIABLE = YES;
				IPHONEOS_DEPLOYMENT_TARGET = 17.5;
				LOCALIZATION_PREFERS_STRING_CATALOGS = YES;
				MTL_ENABLE_DEBUG_INFO = NO;
				MTL_FAST_MATH = YES;
				SDKROOT = iphoneos;
				SWIFT_COMPILATION_MODE = wholemodule;
				VALIDATE_PRODUCT = YES;
			};
			name = Release;
		};
		7A63DBFF2C307CE4004F4539 /* Debug */ = {
			isa = XCBuildConfiguration;
			buildSettings = {
				ASSETCATALOG_COMPILER_APPICON_NAME = AppIcon;
				ASSETCATALOG_COMPILER_GLOBAL_ACCENT_COLOR_NAME = AccentColor;
				CODE_SIGN_STYLE = Automatic;
				CURRENT_PROJECT_VERSION = 1;
				DEVELOPMENT_ASSET_PATHS = "\"IosMovieAppDemo/Preview Content\"";
				ENABLE_PREVIEWS = YES;
				GENERATE_INFOPLIST_FILE = YES;
				INFOPLIST_KEY_UIApplicationSceneManifest_Generation = YES;
				INFOPLIST_KEY_UIApplicationSupportsIndirectInputEvents = YES;
				INFOPLIST_KEY_UILaunchScreen_Generation = YES;
				INFOPLIST_KEY_UISupportedInterfaceOrientations_iPad = "UIInterfaceOrientationPortrait UIInterfaceOrientationPortraitUpsideDown UIInterfaceOrientationLandscapeLeft UIInterfaceOrientationLandscapeRight";
				INFOPLIST_KEY_UISupportedInterfaceOrientations_iPhone = "UIInterfaceOrientationPortrait UIInterfaceOrientationLandscapeLeft UIInterfaceOrientationLandscapeRight";
				LD_RUNPATH_SEARCH_PATHS = (
					"$(inherited)",
					"@executable_path/Frameworks",
				);
				MARKETING_VERSION = 1.0;
				PRODUCT_BUNDLE_IDENTIFIER = com.Amal.movieData.IosMovieAppDemo;
				PRODUCT_NAME = "$(TARGET_NAME)";
				SWIFT_EMIT_LOC_STRINGS = YES;
				SWIFT_VERSION = 5.0;
				TARGETED_DEVICE_FAMILY = "1,2";
			};
			name = Debug;
		};
		7A63DC002C307CE4004F4539 /* Release */ = {
			isa = XCBuildConfiguration;
			buildSettings = {
				ASSETCATALOG_COMPILER_APPICON_NAME = AppIcon;
				ASSETCATALOG_COMPILER_GLOBAL_ACCENT_COLOR_NAME = AccentColor;
				CODE_SIGN_STYLE = Automatic;
				CURRENT_PROJECT_VERSION = 1;
				DEVELOPMENT_ASSET_PATHS = "\"IosMovieAppDemo/Preview Content\"";
				ENABLE_PREVIEWS = YES;
				GENERATE_INFOPLIST_FILE = YES;
				INFOPLIST_KEY_UIApplicationSceneManifest_Generation = YES;
				INFOPLIST_KEY_UIApplicationSupportsIndirectInputEvents = YES;
				INFOPLIST_KEY_UILaunchScreen_Generation = YES;
				INFOPLIST_KEY_UISupportedInterfaceOrientations_iPad = "UIInterfaceOrientationPortrait UIInterfaceOrientationPortraitUpsideDown UIInterfaceOrientationLandscapeLeft UIInterfaceOrientationLandscapeRight";
				INFOPLIST_KEY_UISupportedInterfaceOrientations_iPhone = "UIInterfaceOrientationPortrait UIInterfaceOrientationLandscapeLeft UIInterfaceOrientationLandscapeRight";
				LD_RUNPATH_SEARCH_PATHS = (
					"$(inherited)",
					"@executable_path/Frameworks",
				);
				MARKETING_VERSION = 1.0;
				PRODUCT_BUNDLE_IDENTIFIER = com.Amal.movieData.IosMovieAppDemo;
				PRODUCT_NAME = "$(TARGET_NAME)";
				SWIFT_EMIT_LOC_STRINGS = YES;
				SWIFT_VERSION = 5.0;
				TARGETED_DEVICE_FAMILY = "1,2";
			};
			name = Release;
		};
		7A63DC022C307CE4004F4539 /* Debug */ = {
			isa = XCBuildConfiguration;
			buildSettings = {
				ALWAYS_EMBED_SWIFT_STANDARD_LIBRARIES = YES;
				BUNDLE_LOADER = "$(TEST_HOST)";
				CODE_SIGN_STYLE = Automatic;
				CURRENT_PROJECT_VERSION = 1;
				GENERATE_INFOPLIST_FILE = YES;
				IPHONEOS_DEPLOYMENT_TARGET = 17.5;
				MARKETING_VERSION = 1.0;
				PRODUCT_BUNDLE_IDENTIFIER = com.Amal.movieData.IosMovieAppDemoTests;
				PRODUCT_NAME = "$(TARGET_NAME)";
				SWIFT_EMIT_LOC_STRINGS = NO;
				SWIFT_VERSION = 5.0;
				TARGETED_DEVICE_FAMILY = "1,2";
				TEST_HOST = "$(BUILT_PRODUCTS_DIR)/IosMovieAppDemo.app/$(BUNDLE_EXECUTABLE_FOLDER_PATH)/IosMovieAppDemo";
			};
			name = Debug;
		};
		7A63DC032C307CE4004F4539 /* Release */ = {
			isa = XCBuildConfiguration;
			buildSettings = {
				ALWAYS_EMBED_SWIFT_STANDARD_LIBRARIES = YES;
				BUNDLE_LOADER = "$(TEST_HOST)";
				CODE_SIGN_STYLE = Automatic;
				CURRENT_PROJECT_VERSION = 1;
				GENERATE_INFOPLIST_FILE = YES;
				IPHONEOS_DEPLOYMENT_TARGET = 17.5;
				MARKETING_VERSION = 1.0;
				PRODUCT_BUNDLE_IDENTIFIER = com.Amal.movieData.IosMovieAppDemoTests;
				PRODUCT_NAME = "$(TARGET_NAME)";
				SWIFT_EMIT_LOC_STRINGS = NO;
				SWIFT_VERSION = 5.0;
				TARGETED_DEVICE_FAMILY = "1,2";
				TEST_HOST = "$(BUILT_PRODUCTS_DIR)/IosMovieAppDemo.app/$(BUNDLE_EXECUTABLE_FOLDER_PATH)/IosMovieAppDemo";
			};
			name = Release;
		};
		7A63DC052C307CE4004F4539 /* Debug */ = {
			isa = XCBuildConfiguration;
			buildSettings = {
				ALWAYS_EMBED_SWIFT_STANDARD_LIBRARIES = YES;
				CODE_SIGN_STYLE = Automatic;
				CURRENT_PROJECT_VERSION = 1;
				GENERATE_INFOPLIST_FILE = YES;
				MARKETING_VERSION = 1.0;
				PRODUCT_BUNDLE_IDENTIFIER = com.Amal.movieData.IosMovieAppDemoUITests;
				PRODUCT_NAME = "$(TARGET_NAME)";
				SWIFT_EMIT_LOC_STRINGS = NO;
				SWIFT_VERSION = 5.0;
				TARGETED_DEVICE_FAMILY = "1,2";
				TEST_TARGET_NAME = IosMovieAppDemo;
			};
			name = Debug;
		};
		7A63DC062C307CE4004F4539 /* Release */ = {
			isa = XCBuildConfiguration;
			buildSettings = {
				ALWAYS_EMBED_SWIFT_STANDARD_LIBRARIES = YES;
				CODE_SIGN_STYLE = Automatic;
				CURRENT_PROJECT_VERSION = 1;
				GENERATE_INFOPLIST_FILE = YES;
				MARKETING_VERSION = 1.0;
				PRODUCT_BUNDLE_IDENTIFIER = com.Amal.movieData.IosMovieAppDemoUITests;
				PRODUCT_NAME = "$(TARGET_NAME)";
				SWIFT_EMIT_LOC_STRINGS = NO;
				SWIFT_VERSION = 5.0;
				TARGETED_DEVICE_FAMILY = "1,2";
				TEST_TARGET_NAME = IosMovieAppDemo;
			};
			name = Release;
		};
/* End XCBuildConfiguration section */

/* Begin XCConfigurationList section */
		7A63DBD52C307CE1004F4539 /* Build configuration list for PBXProject "IosMovieAppDemo" */ = {
			isa = XCConfigurationList;
			buildConfigurations = (
				7A63DBFC2C307CE4004F4539 /* Debug */,
				7A63DBFD2C307CE4004F4539 /* Release */,
			);
			defaultConfigurationIsVisible = 0;
			defaultConfigurationName = Release;
		};
		7A63DBFE2C307CE4004F4539 /* Build configuration list for PBXNativeTarget "IosMovieAppDemo" */ = {
			isa = XCConfigurationList;
			buildConfigurations = (
				7A63DBFF2C307CE4004F4539 /* Debug */,
				7A63DC002C307CE4004F4539 /* Release */,
			);
			defaultConfigurationIsVisible = 0;
			defaultConfigurationName = Release;
		};
		7A63DC012C307CE4004F4539 /* Build configuration list for PBXNativeTarget "IosMovieAppDemoTests" */ = {
			isa = XCConfigurationList;
			buildConfigurations = (
				7A63DC022C307CE4004F4539 /* Debug */,
				7A63DC032C307CE4004F4539 /* Release */,
			);
			defaultConfigurationIsVisible = 0;
			defaultConfigurationName = Release;
		};
		7A63DC042C307CE4004F4539 /* Build configuration list for PBXNativeTarget "IosMovieAppDemoUITests" */ = {
			isa = XCConfigurationList;
			buildConfigurations = (
				7A63DC052C307CE4004F4539 /* Debug */,
				7A63DC062C307CE4004F4539 /* Release */,
			);
			defaultConfigurationIsVisible = 0;
			defaultConfigurationName = Release;
		};
/* End XCConfigurationList section */
	};
	rootObject = 7A63DBD22C307CE1004F4539 /* Project object */;
}
